PODS:
  - Bolts/Tasks (1.8.4)
  - KVNProgress (2.3)
  - LLSimpleCamera (4.2.0)
  - Parse (1.14.2):
    - Bolts/Tasks (~> 1.8)
  - RMActionController (1.0.5)
  - RMPickerViewController (2.0.3):
    - RMActionController (~> 1.0.5)

DEPENDENCIES:
  - KVNProgress
  - LLSimpleCamera (~> 4.1)
  - Parse
  - RMPickerViewController (~> 2.0.3)

SPEC CHECKSUMS:
  Bolts: 8a7995239dbe724f9cba2248b766d48b7ebdd322
  KVNProgress: d0459bfa4dca0379cdba5c038326ea34e9fc2df9
  LLSimpleCamera: ed7813ce4827ff3e34c6af159c99b5b56e54d1c6
  Parse: 4335d65f40cb3d43190d723144bbe1afb9c38230
  RMActionController: b83653e7452ed51492094d65dc82151c36443c03
  RMPickerViewController: f774dbdfddfe819bbaf211d5719deebcbf1a55ed

PODFILE CHECKSUM: 60ceb466abdf95fa4bdabbd13f33ed75359cbbd6

COCOAPODS: 1.0.1
